
Microsoft Visual Studio Solution File, Format Version 12.00
# Visual Studio Version 16
VisualStudioVersion = 16.0.30804.86
MinimumVisualStudioVersion = 10.0.40219.1
Project("{FAE04EC0-301F-11D3-BF4B-00C04F79EFBC}") = "LiveConfiguration.Core", "LiveConfiguration.Core.csproj", "{CAE947FB-D62C-4063-A64B-F3CF340545A7}"
EndProject
Global
	GlobalSection(SolutionConfigurationPlatforms) = preSolution
		Debug|Any CPU = Debug|Any CPU
		Release|Any CPU = Release|Any CPU
	EndGlobalSection
	GlobalSection(ProjectConfigurationPlatforms) = postSolution
		{CAE947FB-D62C-4063-A64B-F3CF340545A7}.Debug|Any CPU.ActiveCfg = Debug|Any CPU
		{CAE947FB-D62C-4063-A64B-F3CF340545A7}.Debug|Any CPU.Build.0 = Debug|Any CPU
		{CAE947FB-D62C-4063-A64B-F3CF340545A7}.Release|Any CPU.ActiveCfg = Release|Any CPU
		{CAE947FB-D62C-4063-A64B-F3CF340545A7}.Release|Any CPU.Build.0 = Release|Any CPU
	EndGlobalSection
	GlobalSection(SolutionProperties) = preSolution
		HideSolutionNode = FALSE
	EndGlobalSection
	GlobalSection(ExtensibilityGlobals) = postSolution
		SolutionGuid = {BC5E3FBC-A841-4D1C-9B83-6B2C4C18F13B}
	EndGlobalSection
EndGlobal
