
Microsoft Visual Studio Solution File, Format Version 12.00
# Visual Studio Version 16
VisualStudioVersion = 16.0.30804.86
MinimumVisualStudioVersion = 10.0.40219.1
Project("{9A19103F-16F7-4668-BE54-9A1E7A4F7556}") = "LiveConfiguration.Core", "LiveConfiguration.Core\LiveConfiguration.Core.csproj", "{3F1BEB5B-8FE0-4DA4-92D3-3F98681C84B2}"
EndProject
Project("{9A19103F-16F7-4668-BE54-9A1E7A4F7556}") = "LiveConfiguration.Provider.Memory", "LiveConfiguration.Memory\LiveConfiguration.Provider.Memory.csproj", "{3C3B2583-4DFB-4864-93F0-03C1DC5E1D25}"
EndProject
Project("{2150E333-8FDC-42A3-9474-1A3956D46DE8}") = "Tests", "Tests", "{A67CD242-51C9-41AE-8012-490865BBF299}"
EndProject
Project("{9A19103F-16F7-4668-BE54-9A1E7A4F7556}") = "LiveConfiguration.Tests", "..\tests\LiveConfiguration.Tests\LiveConfiguration.Tests.csproj", "{F04C22FF-46B4-4889-842D-8B2D94AA1008}"
EndProject
Project("{9A19103F-16F7-4668-BE54-9A1E7A4F7556}") = "LiveConfiguration.Provider.Firestore", "LiveConfiguration.Firestore\LiveConfiguration.Provider.Firestore.csproj", "{F4735E04-FBC6-46C0-BF82-269FC877D522}"
EndProject
Project("{2150E333-8FDC-42A3-9474-1A3956D46DE8}") = "Serializers", "Serializers", "{32D507DE-7DA9-4318-8ACF-45C327522993}"
EndProject
Project("{2150E333-8FDC-42A3-9474-1A3956D46DE8}") = "Providers", "Providers", "{21FC5FD8-30C1-4F18-9A32-1064D67F6002}"
EndProject
Project("{FAE04EC0-301F-11D3-BF4B-00C04F79EFBC}") = "LiveConfiguration.Serializer.Protobuf", "LiveConfiguration.Serializer.Protobuf\LiveConfiguration.Serializer.Protobuf.csproj", "{703583E4-DBEC-4083-B9E3-CC7F7CF6453B}"
EndProject
Global
	GlobalSection(SolutionConfigurationPlatforms) = preSolution
		Debug|Any CPU = Debug|Any CPU
		Release|Any CPU = Release|Any CPU
	EndGlobalSection
	GlobalSection(ProjectConfigurationPlatforms) = postSolution
		{3F1BEB5B-8FE0-4DA4-92D3-3F98681C84B2}.Debug|Any CPU.ActiveCfg = Debug|Any CPU
		{3F1BEB5B-8FE0-4DA4-92D3-3F98681C84B2}.Debug|Any CPU.Build.0 = Debug|Any CPU
		{3F1BEB5B-8FE0-4DA4-92D3-3F98681C84B2}.Release|Any CPU.ActiveCfg = Release|Any CPU
		{3F1BEB5B-8FE0-4DA4-92D3-3F98681C84B2}.Release|Any CPU.Build.0 = Release|Any CPU
		{3C3B2583-4DFB-4864-93F0-03C1DC5E1D25}.Debug|Any CPU.ActiveCfg = Debug|Any CPU
		{3C3B2583-4DFB-4864-93F0-03C1DC5E1D25}.Debug|Any CPU.Build.0 = Debug|Any CPU
		{3C3B2583-4DFB-4864-93F0-03C1DC5E1D25}.Release|Any CPU.ActiveCfg = Release|Any CPU
		{3C3B2583-4DFB-4864-93F0-03C1DC5E1D25}.Release|Any CPU.Build.0 = Release|Any CPU
		{F04C22FF-46B4-4889-842D-8B2D94AA1008}.Debug|Any CPU.ActiveCfg = Debug|Any CPU
		{F04C22FF-46B4-4889-842D-8B2D94AA1008}.Debug|Any CPU.Build.0 = Debug|Any CPU
		{F04C22FF-46B4-4889-842D-8B2D94AA1008}.Release|Any CPU.ActiveCfg = Release|Any CPU
		{F04C22FF-46B4-4889-842D-8B2D94AA1008}.Release|Any CPU.Build.0 = Release|Any CPU
		{F4735E04-FBC6-46C0-BF82-269FC877D522}.Debug|Any CPU.ActiveCfg = Debug|Any CPU
		{F4735E04-FBC6-46C0-BF82-269FC877D522}.Debug|Any CPU.Build.0 = Debug|Any CPU
		{F4735E04-FBC6-46C0-BF82-269FC877D522}.Release|Any CPU.ActiveCfg = Release|Any CPU
		{F4735E04-FBC6-46C0-BF82-269FC877D522}.Release|Any CPU.Build.0 = Release|Any CPU
		{703583E4-DBEC-4083-B9E3-CC7F7CF6453B}.Debug|Any CPU.ActiveCfg = Debug|Any CPU
		{703583E4-DBEC-4083-B9E3-CC7F7CF6453B}.Debug|Any CPU.Build.0 = Debug|Any CPU
		{703583E4-DBEC-4083-B9E3-CC7F7CF6453B}.Release|Any CPU.ActiveCfg = Release|Any CPU
		{703583E4-DBEC-4083-B9E3-CC7F7CF6453B}.Release|Any CPU.Build.0 = Release|Any CPU
	EndGlobalSection
	GlobalSection(SolutionProperties) = preSolution
		HideSolutionNode = FALSE
	EndGlobalSection
	GlobalSection(NestedProjects) = preSolution
		{3C3B2583-4DFB-4864-93F0-03C1DC5E1D25} = {21FC5FD8-30C1-4F18-9A32-1064D67F6002}
		{F04C22FF-46B4-4889-842D-8B2D94AA1008} = {A67CD242-51C9-41AE-8012-490865BBF299}
		{F4735E04-FBC6-46C0-BF82-269FC877D522} = {21FC5FD8-30C1-4F18-9A32-1064D67F6002}
		{703583E4-DBEC-4083-B9E3-CC7F7CF6453B} = {32D507DE-7DA9-4318-8ACF-45C327522993}
	EndGlobalSection
	GlobalSection(ExtensibilityGlobals) = postSolution
		SolutionGuid = {BC5E3FBC-A841-4D1C-9B83-6B2C4C18F13B}
	EndGlobalSection
EndGlobal
